
Microsoft Visual Studio Solution File, Format Version 12.00
# Visual Studio Version 16
VisualStudioVersion = 16.0.32002.261
MinimumVisualStudioVersion = 10.0.40219.1
Project("{FAE04EC0-301F-11D3-BF4B-00C04F79EFBC}") = "AppNetCoreCapas", "AppNetCoreCapas\AppNetCoreCapas.csproj", "{4CEC6F22-FA0F-4F11-8125-C76E6799C76E}"
EndProject
Project("{FAE04EC0-301F-11D3-BF4B-00C04F79EFBC}") = "CapaEntidad", "CapaEntidad\CapaEntidad.csproj", "{C9359D89-F15A-419F-A4A3-D5A0BB0B29A7}"
EndProject
Project("{FAE04EC0-301F-11D3-BF4B-00C04F79EFBC}") = "CapaDatos", "CapaDatos\CapaDatos.csproj", "{226E1242-5C0D-4496-A00E-0CCF2633F735}"
EndProject
Project("{FAE04EC0-301F-11D3-BF4B-00C04F79EFBC}") = "CapaNegocio", "CapaNegocio\CapaNegocio.csproj", "{8C9626B6-C978-4DDC-8FB7-A75596C43873}"
EndProject
Global
	GlobalSection(SolutionConfigurationPlatforms) = preSolution
		Debug|Any CPU = Debug|Any CPU
		Release|Any CPU = Release|Any CPU
	EndGlobalSection
	GlobalSection(ProjectConfigurationPlatforms) = postSolution
		{4CEC6F22-FA0F-4F11-8125-C76E6799C76E}.Debug|Any CPU.ActiveCfg = Debug|Any CPU
		{4CEC6F22-FA0F-4F11-8125-C76E6799C76E}.Debug|Any CPU.Build.0 = Debug|Any CPU
		{4CEC6F22-FA0F-4F11-8125-C76E6799C76E}.Release|Any CPU.ActiveCfg = Release|Any CPU
		{4CEC6F22-FA0F-4F11-8125-C76E6799C76E}.Release|Any CPU.Build.0 = Release|Any CPU
		{C9359D89-F15A-419F-A4A3-D5A0BB0B29A7}.Debug|Any CPU.ActiveCfg = Debug|Any CPU
		{C9359D89-F15A-419F-A4A3-D5A0BB0B29A7}.Debug|Any CPU.Build.0 = Debug|Any CPU
		{C9359D89-F15A-419F-A4A3-D5A0BB0B29A7}.Release|Any CPU.ActiveCfg = Release|Any CPU
		{C9359D89-F15A-419F-A4A3-D5A0BB0B29A7}.Release|Any CPU.Build.0 = Release|Any CPU
		{226E1242-5C0D-4496-A00E-0CCF2633F735}.Debug|Any CPU.ActiveCfg = Debug|Any CPU
		{226E1242-5C0D-4496-A00E-0CCF2633F735}.Debug|Any CPU.Build.0 = Debug|Any CPU
		{226E1242-5C0D-4496-A00E-0CCF2633F735}.Release|Any CPU.ActiveCfg = Release|Any CPU
		{226E1242-5C0D-4496-A00E-0CCF2633F735}.Release|Any CPU.Build.0 = Release|Any CPU
		{8C9626B6-C978-4DDC-8FB7-A75596C43873}.Debug|Any CPU.ActiveCfg = Debug|Any CPU
		{8C9626B6-C978-4DDC-8FB7-A75596C43873}.Debug|Any CPU.Build.0 = Debug|Any CPU
		{8C9626B6-C978-4DDC-8FB7-A75596C43873}.Release|Any CPU.ActiveCfg = Release|Any CPU
		{8C9626B6-C978-4DDC-8FB7-A75596C43873}.Release|Any CPU.Build.0 = Release|Any CPU
	EndGlobalSection
	GlobalSection(SolutionProperties) = preSolution
		HideSolutionNode = FALSE
	EndGlobalSection
	GlobalSection(ExtensibilityGlobals) = postSolution
		SolutionGuid = {7C6230DA-2C79-412E-AC82-7B774A2B25FA}
	EndGlobalSection
EndGlobal
